
Microsoft Visual Studio Solution File, Format Version 12.00
# Visual Studio 15
VisualStudioVersion = 15.0.28307.329
MinimumVisualStudioVersion = 10.0.40219.1
Project("{FAE04EC0-301F-11D3-BF4B-00C04F79EFBC}") = "ShopManagement", "ShopManagement\ShopManagement.csproj", "{63027452-AFD7-4048-AC2E-48989366B8F3}"
EndProject
Global
	GlobalSection(SolutionConfigurationPlatforms) = preSolution
		Debug|Any CPU = Debug|Any CPU
		Release|Any CPU = Release|Any CPU
	EndGlobalSection
	GlobalSection(ProjectConfigurationPlatforms) = postSolution
		{63027452-AFD7-4048-AC2E-48989366B8F3}.Debug|Any CPU.ActiveCfg = Debug|Any CPU
		{63027452-AFD7-4048-AC2E-48989366B8F3}.Debug|Any CPU.Build.0 = Debug|Any CPU
		{63027452-AFD7-4048-AC2E-48989366B8F3}.Release|Any CPU.ActiveCfg = Release|Any CPU
		{63027452-AFD7-4048-AC2E-48989366B8F3}.Release|Any CPU.Build.0 = Release|Any CPU
	EndGlobalSection
	GlobalSection(SolutionProperties) = preSolution
		HideSolutionNode = FALSE
	EndGlobalSection
	GlobalSection(ExtensibilityGlobals) = postSolution
		SolutionGuid = {AF904541-3B2B-45D8-9B7B-74B1AF1C5DDE}
	EndGlobalSection
EndGlobal
