
Microsoft Visual Studio Solution File, Format Version 12.00
# Visual Studio 15
VisualStudioVersion = 15.0.28307.329
MinimumVisualStudioVersion = 10.0.40219.1
Project("{FAE04EC0-301F-11D3-BF4B-00C04F79EFBC}") = "Sohoj-bajar", "Sohoj-bajar\Sohoj-bajar.csproj", "{6CA342A0-B68E-4D9C-926E-F3D4A2556671}"
EndProject
Global
	GlobalSection(SolutionConfigurationPlatforms) = preSolution
		Debug|Any CPU = Debug|Any CPU
		Release|Any CPU = Release|Any CPU
	EndGlobalSection
	GlobalSection(ProjectConfigurationPlatforms) = postSolution
		{6CA342A0-B68E-4D9C-926E-F3D4A2556671}.Debug|Any CPU.ActiveCfg = Debug|Any CPU
		{6CA342A0-B68E-4D9C-926E-F3D4A2556671}.Debug|Any CPU.Build.0 = Debug|Any CPU
		{6CA342A0-B68E-4D9C-926E-F3D4A2556671}.Release|Any CPU.ActiveCfg = Release|Any CPU
		{6CA342A0-B68E-4D9C-926E-F3D4A2556671}.Release|Any CPU.Build.0 = Release|Any CPU
	EndGlobalSection
	GlobalSection(SolutionProperties) = preSolution
		HideSolutionNode = FALSE
	EndGlobalSection
	GlobalSection(ExtensibilityGlobals) = postSolution
		SolutionGuid = {1497D9C3-6A39-4088-B36E-543F5E17B603}
	EndGlobalSection
EndGlobal
